
Microsoft Visual Studio Solution File, Format Version 12.00
# Visual Studio Version 17
VisualStudioVersion = 17.12.35728.132
MinimumVisualStudioVersion = 10.0.40219.1
Project("{FAE04EC0-301F-11D3-BF4B-00C04F79EFBC}") = "Domain", "Domain\Domain.csproj", "{1207616C-0073-4A39-A5C2-F1F5DDD4E201}"
EndProject
Project("{FAE04EC0-301F-11D3-BF4B-00C04F79EFBC}") = "Infrastructure", "Infrastructure\Infrastructure.csproj", "{BF1BFF77-D303-4A47-9BE6-9446592F14F3}"
EndProject
Project("{FAE04EC0-301F-11D3-BF4B-00C04F79EFBC}") = "Api", "Api\Api.csproj", "{382B1A5D-66CB-4396-AE3A-4490787C9858}"
EndProject
Global
	GlobalSection(SolutionConfigurationPlatforms) = preSolution
		Debug|Any CPU = Debug|Any CPU
		Release|Any CPU = Release|Any CPU
	EndGlobalSection
	GlobalSection(ProjectConfigurationPlatforms) = postSolution
		{1207616C-0073-4A39-A5C2-F1F5DDD4E201}.Debug|Any CPU.ActiveCfg = Debug|Any CPU
		{1207616C-0073-4A39-A5C2-F1F5DDD4E201}.Debug|Any CPU.Build.0 = Debug|Any CPU
		{1207616C-0073-4A39-A5C2-F1F5DDD4E201}.Release|Any CPU.ActiveCfg = Release|Any CPU
		{1207616C-0073-4A39-A5C2-F1F5DDD4E201}.Release|Any CPU.Build.0 = Release|Any CPU
		{BF1BFF77-D303-4A47-9BE6-9446592F14F3}.Debug|Any CPU.ActiveCfg = Debug|Any CPU
		{BF1BFF77-D303-4A47-9BE6-9446592F14F3}.Debug|Any CPU.Build.0 = Debug|Any CPU
		{BF1BFF77-D303-4A47-9BE6-9446592F14F3}.Release|Any CPU.ActiveCfg = Release|Any CPU
		{BF1BFF77-D303-4A47-9BE6-9446592F14F3}.Release|Any CPU.Build.0 = Release|Any CPU
		{382B1A5D-66CB-4396-AE3A-4490787C9858}.Debug|Any CPU.ActiveCfg = Debug|Any CPU
		{382B1A5D-66CB-4396-AE3A-4490787C9858}.Debug|Any CPU.Build.0 = Debug|Any CPU
		{382B1A5D-66CB-4396-AE3A-4490787C9858}.Release|Any CPU.ActiveCfg = Release|Any CPU
		{382B1A5D-66CB-4396-AE3A-4490787C9858}.Release|Any CPU.Build.0 = Release|Any CPU
	EndGlobalSection
	GlobalSection(SolutionProperties) = preSolution
		HideSolutionNode = FALSE
	EndGlobalSection
EndGlobal
